
Microsoft Visual Studio Solution File, Format Version 12.00
# Visual Studio Version 16
VisualStudioVersion = 25.0.1706.14
MinimumVisualStudioVersion = 10.0.40219.1
Project("{FAE04EC0-301F-11D3-BF4B-00C04F79EFBC}") = "labtask3", "labtask3\labtask3.csproj", "{EB27A8CC-254F-4061-B650-C0205612DE87}"
EndProject
Global
	GlobalSection(SolutionConfigurationPlatforms) = preSolution
		Debug|Any CPU = Debug|Any CPU
		Release|Any CPU = Release|Any CPU
	EndGlobalSection
	GlobalSection(ProjectConfigurationPlatforms) = postSolution
		{EB27A8CC-254F-4061-B650-C0205612DE87}.Debug|Any CPU.ActiveCfg = Debug|Any CPU
		{EB27A8CC-254F-4061-B650-C0205612DE87}.Debug|Any CPU.Build.0 = Debug|Any CPU
		{EB27A8CC-254F-4061-B650-C0205612DE87}.Release|Any CPU.ActiveCfg = Release|Any CPU
		{EB27A8CC-254F-4061-B650-C0205612DE87}.Release|Any CPU.Build.0 = Release|Any CPU
	EndGlobalSection
	GlobalSection(SolutionProperties) = preSolution
		HideSolutionNode = FALSE
	EndGlobalSection
	GlobalSection(ExtensibilityGlobals) = postSolution
		SolutionGuid = {7E15AAE6-768F-43AE-9CAB-927836FAABCA}
	EndGlobalSection
EndGlobal
